
Microsoft Visual Studio Solution File, Format Version 12.00
# Visual Studio 2012
Project("{FAE04EC0-301F-11D3-BF4B-00C04F79EFBC}") = "JavaProgrammingContest.Domain", "JavaProgrammingContest.Domain\JavaProgrammingContest.Domain.csproj", "{4AA3B70C-8D2B-41CF-A6E8-69D9C3B52AC0}"
EndProject
Project("{FAE04EC0-301F-11D3-BF4B-00C04F79EFBC}") = "JavaProgrammingContest.DataAccess", "JavaProgrammingContest.DataAccess\JavaProgrammingContest.DataAccess.csproj", "{E16DD783-0CFB-4B8C-BDAD-3ACAE6F9B521}"
EndProject
Project("{FAE04EC0-301F-11D3-BF4B-00C04F79EFBC}") = "JavaProgrammingContest.DataAccess.Tests", "JavaProgrammingContest.DataAccess.Tests\JavaProgrammingContest.DataAccess.Tests.csproj", "{30D9E662-6536-4BB2-AA16-498F52BEB51C}"
EndProject
Project("{FAE04EC0-301F-11D3-BF4B-00C04F79EFBC}") = "JavaProgrammingContest.Web", "JavaProgrammingContest.Web\JavaProgrammingContest.Web.csproj", "{0CC29C47-AF8A-4701-92C6-51E9B761E668}"
EndProject
Project("{FAE04EC0-301F-11D3-BF4B-00C04F79EFBC}") = "JavaProgrammingContest.Web.Tests", "JavaProgrammingContest.Web.Tests\JavaProgrammingContest.Web.Tests.csproj", "{C9C8762A-79B2-45FE-BB11-0C8D65088914}"
EndProject
Global
	GlobalSection(SolutionConfigurationPlatforms) = preSolution
		Debug|Any CPU = Debug|Any CPU
		Release|Any CPU = Release|Any CPU
		Test|Any CPU = Test|Any CPU
	EndGlobalSection
	GlobalSection(ProjectConfigurationPlatforms) = postSolution
		{4AA3B70C-8D2B-41CF-A6E8-69D9C3B52AC0}.Debug|Any CPU.ActiveCfg = Debug|Any CPU
		{4AA3B70C-8D2B-41CF-A6E8-69D9C3B52AC0}.Debug|Any CPU.Build.0 = Debug|Any CPU
		{4AA3B70C-8D2B-41CF-A6E8-69D9C3B52AC0}.Release|Any CPU.ActiveCfg = Release|Any CPU
		{4AA3B70C-8D2B-41CF-A6E8-69D9C3B52AC0}.Release|Any CPU.Build.0 = Release|Any CPU
		{4AA3B70C-8D2B-41CF-A6E8-69D9C3B52AC0}.Test|Any CPU.ActiveCfg = Test|Any CPU
		{4AA3B70C-8D2B-41CF-A6E8-69D9C3B52AC0}.Test|Any CPU.Build.0 = Test|Any CPU
		{E16DD783-0CFB-4B8C-BDAD-3ACAE6F9B521}.Debug|Any CPU.ActiveCfg = Debug|Any CPU
		{E16DD783-0CFB-4B8C-BDAD-3ACAE6F9B521}.Debug|Any CPU.Build.0 = Debug|Any CPU
		{E16DD783-0CFB-4B8C-BDAD-3ACAE6F9B521}.Release|Any CPU.ActiveCfg = Release|Any CPU
		{E16DD783-0CFB-4B8C-BDAD-3ACAE6F9B521}.Release|Any CPU.Build.0 = Release|Any CPU
		{E16DD783-0CFB-4B8C-BDAD-3ACAE6F9B521}.Test|Any CPU.ActiveCfg = Test|Any CPU
		{E16DD783-0CFB-4B8C-BDAD-3ACAE6F9B521}.Test|Any CPU.Build.0 = Test|Any CPU
		{30D9E662-6536-4BB2-AA16-498F52BEB51C}.Debug|Any CPU.ActiveCfg = Debug|Any CPU
		{30D9E662-6536-4BB2-AA16-498F52BEB51C}.Debug|Any CPU.Build.0 = Debug|Any CPU
		{30D9E662-6536-4BB2-AA16-498F52BEB51C}.Release|Any CPU.ActiveCfg = Release|Any CPU
		{30D9E662-6536-4BB2-AA16-498F52BEB51C}.Release|Any CPU.Build.0 = Release|Any CPU
		{30D9E662-6536-4BB2-AA16-498F52BEB51C}.Test|Any CPU.ActiveCfg = Test|Any CPU
		{30D9E662-6536-4BB2-AA16-498F52BEB51C}.Test|Any CPU.Build.0 = Test|Any CPU
		{0CC29C47-AF8A-4701-92C6-51E9B761E668}.Debug|Any CPU.ActiveCfg = Debug|Any CPU
		{0CC29C47-AF8A-4701-92C6-51E9B761E668}.Debug|Any CPU.Build.0 = Debug|Any CPU
		{0CC29C47-AF8A-4701-92C6-51E9B761E668}.Release|Any CPU.ActiveCfg = Release|Any CPU
		{0CC29C47-AF8A-4701-92C6-51E9B761E668}.Release|Any CPU.Build.0 = Release|Any CPU
		{0CC29C47-AF8A-4701-92C6-51E9B761E668}.Test|Any CPU.ActiveCfg = Test|Any CPU
		{0CC29C47-AF8A-4701-92C6-51E9B761E668}.Test|Any CPU.Build.0 = Test|Any CPU
		{C9C8762A-79B2-45FE-BB11-0C8D65088914}.Debug|Any CPU.ActiveCfg = Debug|Any CPU
		{C9C8762A-79B2-45FE-BB11-0C8D65088914}.Debug|Any CPU.Build.0 = Debug|Any CPU
		{C9C8762A-79B2-45FE-BB11-0C8D65088914}.Release|Any CPU.ActiveCfg = Release|Any CPU
		{C9C8762A-79B2-45FE-BB11-0C8D65088914}.Release|Any CPU.Build.0 = Release|Any CPU
		{C9C8762A-79B2-45FE-BB11-0C8D65088914}.Test|Any CPU.ActiveCfg = Test|Any CPU
		{C9C8762A-79B2-45FE-BB11-0C8D65088914}.Test|Any CPU.Build.0 = Test|Any CPU
	EndGlobalSection
	GlobalSection(SolutionProperties) = preSolution
		HideSolutionNode = FALSE
	EndGlobalSection
EndGlobal
